
Microsoft Visual Studio Solution File, Format Version 12.00
# Visual Studio Version 17
VisualStudioVersion = 17.6.33603.418
MinimumVisualStudioVersion = 10.0.40219.1
Project("{FAE04EC0-301F-11D3-BF4B-00C04F79EFBC}") = "BlazorServerApp_NoAuth60", "BlazorServerApp_NoAuth60\BlazorServerApp_NoAuth60.csproj", "{2B064967-180B-4F20-8161-688AB6122298}"
EndProject
Global
	GlobalSection(SolutionConfigurationPlatforms) = preSolution
		Debug|Any CPU = Debug|Any CPU
		Release|Any CPU = Release|Any CPU
	EndGlobalSection
	GlobalSection(ProjectConfigurationPlatforms) = postSolution
		{2B064967-180B-4F20-8161-688AB6122298}.Debug|Any CPU.ActiveCfg = Debug|Any CPU
		{2B064967-180B-4F20-8161-688AB6122298}.Debug|Any CPU.Build.0 = Debug|Any CPU
		{2B064967-180B-4F20-8161-688AB6122298}.Release|Any CPU.ActiveCfg = Release|Any CPU
		{2B064967-180B-4F20-8161-688AB6122298}.Release|Any CPU.Build.0 = Release|Any CPU
	EndGlobalSection
	GlobalSection(SolutionProperties) = preSolution
		HideSolutionNode = FALSE
	EndGlobalSection
	GlobalSection(ExtensibilityGlobals) = postSolution
		SolutionGuid = {24CD84B3-7627-4355-BFD6-C92EC4DA6D4E}
	EndGlobalSection
EndGlobal
